{
  "name": "recursive-file-walker",
  "version": "1.0.7",
  "lockfileVersion": 1,
  "requires": true,
  "dependencies": {
    "stamptime": {
      "version": "1.0.7",
      "resolved": "https://registry.npmjs.org/stamptime/-/stamptime-1.0.7.tgz",
      "integrity": "sha512-+8o3+Pxdiy+32cCjlomtxzF/cVzOStNenXuiTMsbGZzB48hNZkFOtVPeEq9/dV+LM4ufR4zM09Hg9JXwqAMZuQ=="
    }
  }
}
