{
  "name": "recursive-file-walker",
  "version": "2.0.0",
  "lockfileVersion": 2,
  "requires": true,
  "packages": {
    "": {
      "name": "recursive-file-walker",
      "version": "2.0.0",
      "license": "MIT",
      "dependencies": {
        "stamptime": "^2.1.0"
      }
    },
    "node_modules/stamptime": {
      "version": "2.1.0",
      "resolved": "https://registry.npmjs.org/stamptime/-/stamptime-2.1.0.tgz",
      "integrity": "sha512-pRnv4rhkUeOEfYTrCq9TEJ4oUsr+X/uRrU7nccMZhTCv5YXI5OC84fRzxiBOoNpeSO0FeBwb35ulYIRjOjt5Hw=="
    }
  },
  "dependencies": {
    "stamptime": {
      "version": "2.1.0",
      "resolved": "https://registry.npmjs.org/stamptime/-/stamptime-2.1.0.tgz",
      "integrity": "sha512-pRnv4rhkUeOEfYTrCq9TEJ4oUsr+X/uRrU7nccMZhTCv5YXI5OC84fRzxiBOoNpeSO0FeBwb35ulYIRjOjt5Hw=="
    }
  }
}
