{
  "name": "recursive-file-walker",
  "version": "1.0.2",
  "lockfileVersion": 1,
  "requires": true,
  "dependencies": {
    "stamptime": {
      "version": "1.0.4",
      "resolved": "https://registry.npmjs.org/stamptime/-/stamptime-1.0.4.tgz",
      "integrity": "sha512-eFJjZjX60DjuzAZYQkHeUmLPAry07QC5lUS8dqqyGrJM45XgEdQWMlxrNJXTcU0lertlNakIGxr/N1XyZUL3xg=="
    }
  }
}
